
Microsoft Visual Studio Solution File, Format Version 12.00
# Visual Studio 2013
VisualStudioVersion = 12.0.40629.0
MinimumVisualStudioVersion = 10.0.40219.1
Project("{2150E333-8FDC-42A3-9474-1A3956D46DE8}") = "Welcome Project Windows", "Welcome Project Windows", "{49CBC1B0-C894-40C7-8296-ED5F265878FB}"
EndProject
Project("{D954291E-2A0B-460D-934E-DC6B0785DB48}") = "Welcome Project Windows.Shared", "Welcome Project Windows\Welcome Project Windows.Shared\Welcome Project Windows.Shared.shproj", "{9A7BC193-ABD5-4E99-88C8-734A50B8813F}"
EndProject
Project("{FAE04EC0-301F-11D3-BF4B-00C04F79EFBC}") = "Welcome Project Windows.Windows", "Welcome Project Windows\Welcome Project Windows.Windows\Welcome Project Windows.Windows.csproj", "{4231708A-EA19-409E-A6AB-DEA07501DF77}"
EndProject
Project("{FAE04EC0-301F-11D3-BF4B-00C04F79EFBC}") = "Welcome Project Windows.WindowsPhone", "Welcome Project Windows\Welcome Project Windows.WindowsPhone\Welcome Project Windows.WindowsPhone.csproj", "{0F52C621-CA91-4560-97CA-4746E9375A78}"
EndProject
Global
	GlobalSection(SharedMSBuildProjectFiles) = preSolution
		Welcome Project Windows\Welcome Project Windows.Shared\Welcome Project Windows.Shared.projitems*{0f52c621-ca91-4560-97ca-4746e9375a78}*SharedItemsImports = 4
		Welcome Project Windows\Welcome Project Windows.Shared\Welcome Project Windows.Shared.projitems*{9a7bc193-abd5-4e99-88c8-734a50b8813f}*SharedItemsImports = 13
		Welcome Project Windows\Welcome Project Windows.Shared\Welcome Project Windows.Shared.projitems*{4231708a-ea19-409e-a6ab-dea07501df77}*SharedItemsImports = 4
	EndGlobalSection
	GlobalSection(SolutionConfigurationPlatforms) = preSolution
		Debug|Any CPU = Debug|Any CPU
		Debug|ARM = Debug|ARM
		Debug|x64 = Debug|x64
		Debug|x86 = Debug|x86
		Release|Any CPU = Release|Any CPU
		Release|ARM = Release|ARM
		Release|x64 = Release|x64
		Release|x86 = Release|x86
	EndGlobalSection
	GlobalSection(ProjectConfigurationPlatforms) = postSolution
		{4231708A-EA19-409E-A6AB-DEA07501DF77}.Debug|Any CPU.ActiveCfg = Debug|Any CPU
		{4231708A-EA19-409E-A6AB-DEA07501DF77}.Debug|Any CPU.Build.0 = Debug|Any CPU
		{4231708A-EA19-409E-A6AB-DEA07501DF77}.Debug|Any CPU.Deploy.0 = Debug|Any CPU
		{4231708A-EA19-409E-A6AB-DEA07501DF77}.Debug|ARM.ActiveCfg = Debug|ARM
		{4231708A-EA19-409E-A6AB-DEA07501DF77}.Debug|ARM.Build.0 = Debug|ARM
		{4231708A-EA19-409E-A6AB-DEA07501DF77}.Debug|ARM.Deploy.0 = Debug|ARM
		{4231708A-EA19-409E-A6AB-DEA07501DF77}.Debug|x64.ActiveCfg = Debug|x64
		{4231708A-EA19-409E-A6AB-DEA07501DF77}.Debug|x64.Build.0 = Debug|x64
		{4231708A-EA19-409E-A6AB-DEA07501DF77}.Debug|x64.Deploy.0 = Debug|x64
		{4231708A-EA19-409E-A6AB-DEA07501DF77}.Debug|x86.ActiveCfg = Debug|x86
		{4231708A-EA19-409E-A6AB-DEA07501DF77}.Debug|x86.Build.0 = Debug|x86
		{4231708A-EA19-409E-A6AB-DEA07501DF77}.Debug|x86.Deploy.0 = Debug|x86
		{4231708A-EA19-409E-A6AB-DEA07501DF77}.Release|Any CPU.ActiveCfg = Release|Any CPU
		{4231708A-EA19-409E-A6AB-DEA07501DF77}.Release|Any CPU.Build.0 = Release|Any CPU
		{4231708A-EA19-409E-A6AB-DEA07501DF77}.Release|Any CPU.Deploy.0 = Release|Any CPU
		{4231708A-EA19-409E-A6AB-DEA07501DF77}.Release|ARM.ActiveCfg = Release|ARM
		{4231708A-EA19-409E-A6AB-DEA07501DF77}.Release|ARM.Build.0 = Release|ARM
		{4231708A-EA19-409E-A6AB-DEA07501DF77}.Release|ARM.Deploy.0 = Release|ARM
		{4231708A-EA19-409E-A6AB-DEA07501DF77}.Release|x64.ActiveCfg = Release|x64
		{4231708A-EA19-409E-A6AB-DEA07501DF77}.Release|x64.Build.0 = Release|x64
		{4231708A-EA19-409E-A6AB-DEA07501DF77}.Release|x64.Deploy.0 = Release|x64
		{4231708A-EA19-409E-A6AB-DEA07501DF77}.Release|x86.ActiveCfg = Release|x86
		{4231708A-EA19-409E-A6AB-DEA07501DF77}.Release|x86.Build.0 = Release|x86
		{4231708A-EA19-409E-A6AB-DEA07501DF77}.Release|x86.Deploy.0 = Release|x86
		{0F52C621-CA91-4560-97CA-4746E9375A78}.Debug|Any CPU.ActiveCfg = Debug|Any CPU
		{0F52C621-CA91-4560-97CA-4746E9375A78}.Debug|Any CPU.Build.0 = Debug|Any CPU
		{0F52C621-CA91-4560-97CA-4746E9375A78}.Debug|Any CPU.Deploy.0 = Debug|Any CPU
		{0F52C621-CA91-4560-97CA-4746E9375A78}.Debug|ARM.ActiveCfg = Debug|ARM
		{0F52C621-CA91-4560-97CA-4746E9375A78}.Debug|ARM.Build.0 = Debug|ARM
		{0F52C621-CA91-4560-97CA-4746E9375A78}.Debug|ARM.Deploy.0 = Debug|ARM
		{0F52C621-CA91-4560-97CA-4746E9375A78}.Debug|x64.ActiveCfg = Debug|Any CPU
		{0F52C621-CA91-4560-97CA-4746E9375A78}.Debug|x86.ActiveCfg = Debug|x86
		{0F52C621-CA91-4560-97CA-4746E9375A78}.Debug|x86.Build.0 = Debug|x86
		{0F52C621-CA91-4560-97CA-4746E9375A78}.Debug|x86.Deploy.0 = Debug|x86
		{0F52C621-CA91-4560-97CA-4746E9375A78}.Release|Any CPU.ActiveCfg = Release|Any CPU
		{0F52C621-CA91-4560-97CA-4746E9375A78}.Release|Any CPU.Build.0 = Release|Any CPU
		{0F52C621-CA91-4560-97CA-4746E9375A78}.Release|Any CPU.Deploy.0 = Release|Any CPU
		{0F52C621-CA91-4560-97CA-4746E9375A78}.Release|ARM.ActiveCfg = Release|ARM
		{0F52C621-CA91-4560-97CA-4746E9375A78}.Release|ARM.Build.0 = Release|ARM
		{0F52C621-CA91-4560-97CA-4746E9375A78}.Release|ARM.Deploy.0 = Release|ARM
		{0F52C621-CA91-4560-97CA-4746E9375A78}.Release|x64.ActiveCfg = Release|Any CPU
		{0F52C621-CA91-4560-97CA-4746E9375A78}.Release|x86.ActiveCfg = Release|x86
		{0F52C621-CA91-4560-97CA-4746E9375A78}.Release|x86.Build.0 = Release|x86
		{0F52C621-CA91-4560-97CA-4746E9375A78}.Release|x86.Deploy.0 = Release|x86
	EndGlobalSection
	GlobalSection(SolutionProperties) = preSolution
		HideSolutionNode = FALSE
	EndGlobalSection
	GlobalSection(NestedProjects) = preSolution
		{9A7BC193-ABD5-4E99-88C8-734A50B8813F} = {49CBC1B0-C894-40C7-8296-ED5F265878FB}
		{4231708A-EA19-409E-A6AB-DEA07501DF77} = {49CBC1B0-C894-40C7-8296-ED5F265878FB}
		{0F52C621-CA91-4560-97CA-4746E9375A78} = {49CBC1B0-C894-40C7-8296-ED5F265878FB}
	EndGlobalSection
EndGlobal
